{
  "requires": true,
  "lockfileVersion": 1,
  "dependencies": {
    "gsap": {
      "version": "3.8.0",
      "resolved": "https://registry.npmjs.org/gsap/-/gsap-3.8.0.tgz",
      "integrity": "sha512-cvpzKkWFePDZCycwXwJnDSpTR3j+a4QLQF/t0c+pXqzRESgAYx5hieaoshzZFjbwsARqr0+5c3GKE7wI273w/g=="
    },
    "vue": {
      "version": "2.6.14",
      "resolved": "https://registry.npmjs.org/vue/-/vue-2.6.14.tgz",
      "integrity": "sha512-x2284lgYvjOMj3Za7kqzRcUSxBboHqtgRE2zlos1qWaOye5yUmHn42LB1250NJBLRwEcdrB0JRwyPTEPhfQjiQ=="
    },
    "vue-bar-graph": {
      "version": "1.3.0",
      "resolved": "https://registry.npmjs.org/vue-bar-graph/-/vue-bar-graph-1.3.0.tgz",
      "integrity": "sha512-xU4875dPrwxhzZ1fHZq7qm/y3aWXUJAP6VwyE5TKKzO9SczWZaM2r0J4ck9pejWe/6xO1YYwRnNnPGIXHgYKJA==",
      "requires": {
        "gsap": "^3.6.1",
        "vue": "^2.6.12"
      }
    }
  }
}
